// !$*UTF8*$!
{
	archiveVersion = 1;
	classes = {
	};
	objectVersion = 55;
	objects = {

/* Begin PBXBuildFile section */
		3FA300CC288E3F89006226F3 /* NC2_FinnoApp.swift in Sources */ = {isa = PBXBuildFile; fileRef = 3FA300CB288E3F89006226F3 /* NC2_FinnoApp.swift */; };
		3FA300CE288E3F89006226F3 /* ContentView.swift in Sources */ = {isa = PBXBuildFile; fileRef = 3FA300CD288E3F89006226F3 /* ContentView.swift */; };
		3FA300D0288E3F8B006226F3 /* Assets.xcassets in Resources */ = {isa = PBXBuildFile; fileRef = 3FA300CF288E3F8B006226F3 /* Assets.xcassets */; };
		3FA300D3288E3F8B006226F3 /* Preview Assets.xcassets in Resources */ = {isa = PBXBuildFile; fileRef = 3FA300D2288E3F8B006226F3 /* Preview Assets.xcassets */; };
		3FA3010E288F87ED006226F3 /* LandingPage.swift in Sources */ = {isa = PBXBuildFile; fileRef = 3FA3010D288F87ED006226F3 /* LandingPage.swift */; };
		3FA30112288F953E006226F3 /* LandingPageViewModel.swift in Sources */ = {isa = PBXBuildFile; fileRef = 3FA30111288F953E006226F3 /* LandingPageViewModel.swift */; };
		3FA30115288F9A56006226F3 /* SideBarTab.swift in Sources */ = {isa = PBXBuildFile; fileRef = 3FA30114288F9A56006226F3 /* SideBarTab.swift */; };
		3FA30117288F9ACE006226F3 /* SideBarSection.swift in Sources */ = {isa = PBXBuildFile; fileRef = 3FA30116288F9ACE006226F3 /* SideBarSection.swift */; };
		3FA3011A28904A81006226F3 /* Notes.xcdatamodeld in Sources */ = {isa = PBXBuildFile; fileRef = 3FA3011828904A81006226F3 /* Notes.xcdatamodeld */; };
/* End PBXBuildFile section */

/* Begin PBXFileReference section */
		3FA300C8288E3F89006226F3 /* NC2-Finno.app */ = {isa = PBXFileReference; explicitFileType = wrapper.application; includeInIndex = 0; path = "NC2-Finno.app"; sourceTree = BUILT_PRODUCTS_DIR; };
		3FA300CB288E3F89006226F3 /* NC2_FinnoApp.swift */ = {isa = PBXFileReference; lastKnownFileType = sourcecode.swift; path = NC2_FinnoApp.swift; sourceTree = "<group>"; };
		3FA300CD288E3F89006226F3 /* ContentView.swift */ = {isa = PBXFileReference; lastKnownFileType = sourcecode.swift; path = ContentView.swift; sourceTree = "<group>"; };
		3FA300CF288E3F8B006226F3 /* Assets.xcassets */ = {isa = PBXFileReference; lastKnownFileType = folder.assetcatalog; path = Assets.xcassets; sourceTree = "<group>"; };
		3FA300D2288E3F8B006226F3 /* Preview Assets.xcassets */ = {isa = PBXFileReference; lastKnownFileType = folder.assetcatalog; path = "Preview Assets.xcassets"; sourceTree = "<group>"; };
		3FA300D4288E3F8B006226F3 /* NC2_Finno.entitlements */ = {isa = PBXFileReference; lastKnownFileType = text.plist.entitlements; path = NC2_Finno.entitlements; sourceTree = "<group>"; };
		3FA3010D288F87ED006226F3 /* LandingPage.swift */ = {isa = PBXFileReference; lastKnownFileType = sourcecode.swift; path = LandingPage.swift; sourceTree = "<group>"; };
		3FA30111288F953E006226F3 /* LandingPageViewModel.swift */ = {isa = PBXFileReference; lastKnownFileType = sourcecode.swift; path = LandingPageViewModel.swift; sourceTree = "<group>"; };
		3FA30114288F9A56006226F3 /* SideBarTab.swift */ = {isa = PBXFileReference; lastKnownFileType = sourcecode.swift; path = SideBarTab.swift; sourceTree = "<group>"; };
		3FA30116288F9ACE006226F3 /* SideBarSection.swift */ = {isa = PBXFileReference; lastKnownFileType = sourcecode.swift; path = SideBarSection.swift; sourceTree = "<group>"; };
		3FA3011928904A81006226F3 /* Notes.xcdatamodel */ = {isa = PBXFileReference; lastKnownFileType = wrapper.xcdatamodel; path = Notes.xcdatamodel; sourceTree = "<group>"; };
/* End PBXFileReference section */

/* Begin PBXFrameworksBuildPhase section */
		3FA300C5288E3F89006226F3 /* Frameworks */ = {
			isa = PBXFrameworksBuildPhase;
			buildActionMask = 2147483647;
			files = (
			);
			runOnlyForDeploymentPostprocessing = 0;
		};
/* End PBXFrameworksBuildPhase section */

/* Begin PBXGroup section */
		3FA300BF288E3F89006226F3 = {
			isa = PBXGroup;
			children = (
				3FA300CA288E3F89006226F3 /* NC2-Finno */,
				3FA300C9288E3F89006226F3 /* Products */,
			);
			sourceTree = "<group>";
		};
		3FA300C9288E3F89006226F3 /* Products */ = {
			isa = PBXGroup;
			children = (
				3FA300C8288E3F89006226F3 /* NC2-Finno.app */,
			);
			name = Products;
			sourceTree = "<group>";
		};
		3FA300CA288E3F89006226F3 /* NC2-Finno */ = {
			isa = PBXGroup;
			children = (
				3FA3010C288F87C4006226F3 /* ViewModel */,
				3FA3010B288F87C0006226F3 /* Model */,
				3FA3010A288F87B9006226F3 /* View */,
				3FA300CB288E3F89006226F3 /* NC2_FinnoApp.swift */,
				3FA300CD288E3F89006226F3 /* ContentView.swift */,
				3FA3011828904A81006226F3 /* Notes.xcdatamodeld */,
				3FA300CF288E3F8B006226F3 /* Assets.xcassets */,
				3FA300D4288E3F8B006226F3 /* NC2_Finno.entitlements */,
				3FA300D1288E3F8B006226F3 /* Preview Content */,
			);
			path = "NC2-Finno";
			sourceTree = "<group>";
		};
		3FA300D1288E3F8B006226F3 /* Preview Content */ = {
			isa = PBXGroup;
			children = (
				3FA300D2288E3F8B006226F3 /* Preview Assets.xcassets */,
			);
			path = "Preview Content";
			sourceTree = "<group>";
		};
		3FA3010A288F87B9006226F3 /* View */ = {
			isa = PBXGroup;
			children = (
				3FA3010D288F87ED006226F3 /* LandingPage.swift */,
				3FA30114288F9A56006226F3 /* SideBarTab.swift */,
				3FA30116288F9ACE006226F3 /* SideBarSection.swift */,
			);
			path = View;
			sourceTree = "<group>";
		};
		3FA3010B288F87C0006226F3 /* Model */ = {
			isa = PBXGroup;
			children = (
			);
			path = Model;
			sourceTree = "<group>";
		};
		3FA3010C288F87C4006226F3 /* ViewModel */ = {
			isa = PBXGroup;
			children = (
				3FA30111288F953E006226F3 /* LandingPageViewModel.swift */,
			);
			path = ViewModel;
			sourceTree = "<group>";
		};
/* End PBXGroup section */

/* Begin PBXNativeTarget section */
		3FA300C7288E3F89006226F3 /* NC2-Finno */ = {
			isa = PBXNativeTarget;
			buildConfigurationList = 3FA300D7288E3F8B006226F3 /* Build configuration list for PBXNativeTarget "NC2-Finno" */;
			buildPhases = (
				3FA300C4288E3F89006226F3 /* Sources */,
				3FA300C5288E3F89006226F3 /* Frameworks */,
				3FA300C6288E3F89006226F3 /* Resources */,
			);
			buildRules = (
			);
			dependencies = (
			);
			name = "NC2-Finno";
			productName = "NC2-Finno";
			productReference = 3FA300C8288E3F89006226F3 /* NC2-Finno.app */;
			productType = "com.apple.product-type.application";
		};
/* End PBXNativeTarget section */

/* Begin PBXProject section */
		3FA300C0288E3F89006226F3 /* Project object */ = {
			isa = PBXProject;
			attributes = {
				BuildIndependentTargetsInParallel = 1;
				LastSwiftUpdateCheck = 1340;
				LastUpgradeCheck = 1340;
				TargetAttributes = {
					3FA300C7288E3F89006226F3 = {
						CreatedOnToolsVersion = 13.4.1;
					};
				};
			};
			buildConfigurationList = 3FA300C3288E3F89006226F3 /* Build configuration list for PBXProject "NC2-Finno" */;
			compatibilityVersion = "Xcode 13.0";
			developmentRegion = en;
			hasScannedForEncodings = 0;
			knownRegions = (
				en,
				Base,
			);
			mainGroup = 3FA300BF288E3F89006226F3;
			productRefGroup = 3FA300C9288E3F89006226F3 /* Products */;
			projectDirPath = "";
			projectRoot = "";
			targets = (
				3FA300C7288E3F89006226F3 /* NC2-Finno */,
			);
		};
/* End PBXProject section */

/* Begin PBXResourcesBuildPhase section */
		3FA300C6288E3F89006226F3 /* Resources */ = {
			isa = PBXResourcesBuildPhase;
			buildActionMask = 2147483647;
			files = (
				3FA300D3288E3F8B006226F3 /* Preview Assets.xcassets in Resources */,
				3FA300D0288E3F8B006226F3 /* Assets.xcassets in Resources */,
			);
			runOnlyForDeploymentPostprocessing = 0;
		};
/* End PBXResourcesBuildPhase section */

/* Begin PBXSourcesBuildPhase section */
		3FA300C4288E3F89006226F3 /* Sources */ = {
			isa = PBXSourcesBuildPhase;
			buildActionMask = 2147483647;
			files = (
				3FA300CE288E3F89006226F3 /* ContentView.swift in Sources */,
				3FA30112288F953E006226F3 /* LandingPageViewModel.swift in Sources */,
				3FA300CC288E3F89006226F3 /* NC2_FinnoApp.swift in Sources */,
				3FA3011A28904A81006226F3 /* Notes.xcdatamodeld in Sources */,
				3FA30115288F9A56006226F3 /* SideBarTab.swift in Sources */,
				3FA30117288F9ACE006226F3 /* SideBarSection.swift in Sources */,
				3FA3010E288F87ED006226F3 /* LandingPage.swift in Sources */,
			);
			runOnlyForDeploymentPostprocessing = 0;
		};
/* End PBXSourcesBuildPhase section */

/* Begin XCBuildConfiguration section */
		3FA300D5288E3F8B006226F3 /* Debug */ = {
			isa = XCBuildConfiguration;
			buildSettings = {
				ALWAYS_SEARCH_USER_PATHS = NO;
				CLANG_ANALYZER_NONNULL = YES;
				CLANG_ANALYZER_NUMBER_OBJECT_CONVERSION = YES_AGGRESSIVE;
				CLANG_CXX_LANGUAGE_STANDARD = "gnu++17";
				CLANG_ENABLE_MODULES = YES;
				CLANG_ENABLE_OBJC_ARC = YES;
				CLANG_ENABLE_OBJC_WEAK = YES;
				CLANG_WARN_BLOCK_CAPTURE_AUTORELEASING = YES;
				CLANG_WARN_BOOL_CONVERSION = YES;
				CLANG_WARN_COMMA = YES;
				CLANG_WARN_CONSTANT_CONVERSION = YES;
				CLANG_WARN_DEPRECATED_OBJC_IMPLEMENTATIONS = YES;
				CLANG_WARN_DIRECT_OBJC_ISA_USAGE = YES_ERROR;
				CLANG_WARN_DOCUMENTATION_COMMENTS = YES;
				CLANG_WARN_EMPTY_BODY = YES;
				CLANG_WARN_ENUM_CONVERSION = YES;
				CLANG_WARN_INFINITE_RECURSION = YES;
				CLANG_WARN_INT_CONVERSION = YES;
				CLANG_WARN_NON_LITERAL_NULL_CONVERSION = YES;
				CLANG_WARN_OBJC_IMPLICIT_RETAIN_SELF = YES;
				CLANG_WARN_OBJC_LITERAL_CONVERSION = YES;
				CLANG_WARN_OBJC_ROOT_CLASS = YES_ERROR;
				CLANG_WARN_QUOTED_INCLUDE_IN_FRAMEWORK_HEADER = YES;
				CLANG_WARN_RANGE_LOOP_ANALYSIS = YES;
				CLANG_WARN_STRICT_PROTOTYPES = YES;
				CLANG_WARN_SUSPICIOUS_MOVE = YES;
				CLANG_WARN_UNGUARDED_AVAILABILITY = YES_AGGRESSIVE;
				CLANG_WARN_UNREACHABLE_CODE = YES;
				CLANG_WARN__DUPLICATE_METHOD_MATCH = YES;
				COPY_PHASE_STRIP = NO;
				DEBUG_INFORMATION_FORMAT = dwarf;
				ENABLE_STRICT_OBJC_MSGSEND = YES;
				ENABLE_TESTABILITY = YES;
				GCC_C_LANGUAGE_STANDARD = gnu11;
				GCC_DYNAMIC_NO_PIC = NO;
				GCC_NO_COMMON_BLOCKS = YES;
				GCC_OPTIMIZATION_LEVEL = 0;
				GCC_PREPROCESSOR_DEFINITIONS = (
					"DEBUG=1",
					"$(inherited)",
				);
				GCC_WARN_64_TO_32_BIT_CONVERSION = YES;
				GCC_WARN_ABOUT_RETURN_TYPE = YES_ERROR;
				GCC_WARN_UNDECLARED_SELECTOR = YES;
				GCC_WARN_UNINITIALIZED_AUTOS = YES_AGGRESSIVE;
				GCC_WARN_UNUSED_FUNCTION = YES;
				GCC_WARN_UNUSED_VARIABLE = YES;
				MACOSX_DEPLOYMENT_TARGET = 12.3;
				MTL_ENABLE_DEBUG_INFO = INCLUDE_SOURCE;
				MTL_FAST_MATH = YES;
				ONLY_ACTIVE_ARCH = YES;
				SDKROOT = macosx;
				SWIFT_ACTIVE_COMPILATION_CONDITIONS = DEBUG;
				SWIFT_OPTIMIZATION_LEVEL = "-Onone";
			};
			name = Debug;
		};
		3FA300D6288E3F8B006226F3 /* Release */ = {
			isa = XCBuildConfiguration;
			buildSettings = {
				ALWAYS_SEARCH_USER_PATHS = NO;
				CLANG_ANALYZER_NONNULL = YES;
				CLANG_ANALYZER_NUMBER_OBJECT_CONVERSION = YES_AGGRESSIVE;
				CLANG_CXX_LANGUAGE_STANDARD = "gnu++17";
				CLANG_ENABLE_MODULES = YES;
				CLANG_ENABLE_OBJC_ARC = YES;
				CLANG_ENABLE_OBJC_WEAK = YES;
				CLANG_WARN_BLOCK_CAPTURE_AUTORELEASING = YES;
				CLANG_WARN_BOOL_CONVERSION = YES;
				CLANG_WARN_COMMA = YES;
				CLANG_WARN_CONSTANT_CONVERSION = YES;
				CLANG_WARN_DEPRECATED_OBJC_IMPLEMENTATIONS = YES;
				CLANG_WARN_DIRECT_OBJC_ISA_USAGE = YES_ERROR;
				CLANG_WARN_DOCUMENTATION_COMMENTS = YES;
				CLANG_WARN_EMPTY_BODY = YES;
				CLANG_WARN_ENUM_CONVERSION = YES;
				CLANG_WARN_INFINITE_RECURSION = YES;
				CLANG_WARN_INT_CONVERSION = YES;
				CLANG_WARN_NON_LITERAL_NULL_CONVERSION = YES;
				CLANG_WARN_OBJC_IMPLICIT_RETAIN_SELF = YES;
				CLANG_WARN_OBJC_LITERAL_CONVERSION = YES;
				CLANG_WARN_OBJC_ROOT_CLASS = YES_ERROR;
				CLANG_WARN_QUOTED_INCLUDE_IN_FRAMEWORK_HEADER = YES;
				CLANG_WARN_RANGE_LOOP_ANALYSIS = YES;
				CLANG_WARN_STRICT_PROTOTYPES = YES;
				CLANG_WARN_SUSPICIOUS_MOVE = YES;
				CLANG_WARN_UNGUARDED_AVAILABILITY = YES_AGGRESSIVE;
				CLANG_WARN_UNREACHABLE_CODE = YES;
				CLANG_WARN__DUPLICATE_METHOD_MATCH = YES;
				COPY_PHASE_STRIP = NO;
				DEBUG_INFORMATION_FORMAT = "dwarf-with-dsym";
				ENABLE_NS_ASSERTIONS = NO;
				ENABLE_STRICT_OBJC_MSGSEND = YES;
				GCC_C_LANGUAGE_STANDARD = gnu11;
				GCC_NO_COMMON_BLOCKS = YES;
				GCC_WARN_64_TO_32_BIT_CONVERSION = YES;
				GCC_WARN_ABOUT_RETURN_TYPE = YES_ERROR;
				GCC_WARN_UNDECLARED_SELECTOR = YES;
				GCC_WARN_UNINITIALIZED_AUTOS = YES_AGGRESSIVE;
				GCC_WARN_UNUSED_FUNCTION = YES;
				GCC_WARN_UNUSED_VARIABLE = YES;
				MACOSX_DEPLOYMENT_TARGET = 12.3;
				MTL_ENABLE_DEBUG_INFO = NO;
				MTL_FAST_MATH = YES;
				SDKROOT = macosx;
				SWIFT_COMPILATION_MODE = wholemodule;
				SWIFT_OPTIMIZATION_LEVEL = "-O";
			};
			name = Release;
		};
		3FA300D8288E3F8B006226F3 /* Debug */ = {
			isa = XCBuildConfiguration;
			buildSettings = {
				ASSETCATALOG_COMPILER_APPICON_NAME = AppIcon;
				ASSETCATALOG_COMPILER_GLOBAL_ACCENT_COLOR_NAME = AccentColor;
				CODE_SIGN_ENTITLEMENTS = "NC2-Finno/NC2_Finno.entitlements";
				CODE_SIGN_STYLE = Automatic;
				COMBINE_HIDPI_IMAGES = YES;
				CURRENT_PROJECT_VERSION = 1;
				DEVELOPMENT_ASSET_PATHS = "\"NC2-Finno/Preview Content\"";
				DEVELOPMENT_TEAM = 757ZMHMM6D;
				ENABLE_HARDENED_RUNTIME = YES;
				ENABLE_PREVIEWS = YES;
				GENERATE_INFOPLIST_FILE = YES;
				INFOPLIST_KEY_NSHumanReadableCopyright = "";
				INFOPLIST_KEY_UIUserInterfaceStyle = Light;
				LD_RUNPATH_SEARCH_PATHS = (
					"$(inherited)",
					"@executable_path/../Frameworks",
				);
				MARKETING_VERSION = 1.0;
				PRODUCT_BUNDLE_IDENTIFIER = "sdhasjim.NC2-Finno";
				PRODUCT_NAME = "$(TARGET_NAME)";
				SWIFT_EMIT_LOC_STRINGS = YES;
				SWIFT_VERSION = 5.0;
			};
			name = Debug;
		};
		3FA300D9288E3F8B006226F3 /* Release */ = {
			isa = XCBuildConfiguration;
			buildSettings = {
				ASSETCATALOG_COMPILER_APPICON_NAME = AppIcon;
				ASSETCATALOG_COMPILER_GLOBAL_ACCENT_COLOR_NAME = AccentColor;
				CODE_SIGN_ENTITLEMENTS = "NC2-Finno/NC2_Finno.entitlements";
				CODE_SIGN_STYLE = Automatic;
				COMBINE_HIDPI_IMAGES = YES;
				CURRENT_PROJECT_VERSION = 1;
				DEVELOPMENT_ASSET_PATHS = "\"NC2-Finno/Preview Content\"";
				DEVELOPMENT_TEAM = 757ZMHMM6D;
				ENABLE_HARDENED_RUNTIME = YES;
				ENABLE_PREVIEWS = YES;
				GENERATE_INFOPLIST_FILE = YES;
				INFOPLIST_KEY_NSHumanReadableCopyright = "";
				INFOPLIST_KEY_UIUserInterfaceStyle = Light;
				LD_RUNPATH_SEARCH_PATHS = (
					"$(inherited)",
					"@executable_path/../Frameworks",
				);
				MARKETING_VERSION = 1.0;
				PRODUCT_BUNDLE_IDENTIFIER = "sdhasjim.NC2-Finno";
				PRODUCT_NAME = "$(TARGET_NAME)";
				SWIFT_EMIT_LOC_STRINGS = YES;
				SWIFT_VERSION = 5.0;
			};
			name = Release;
		};
/* End XCBuildConfiguration section */

/* Begin XCConfigurationList section */
		3FA300C3288E3F89006226F3 /* Build configuration list for PBXProject "NC2-Finno" */ = {
			isa = XCConfigurationList;
			buildConfigurations = (
				3FA300D5288E3F8B006226F3 /* Debug */,
				3FA300D6288E3F8B006226F3 /* Release */,
			);
			defaultConfigurationIsVisible = 0;
			defaultConfigurationName = Release;
		};
		3FA300D7288E3F8B006226F3 /* Build configuration list for PBXNativeTarget "NC2-Finno" */ = {
			isa = XCConfigurationList;
			buildConfigurations = (
				3FA300D8288E3F8B006226F3 /* Debug */,
				3FA300D9288E3F8B006226F3 /* Release */,
			);
			defaultConfigurationIsVisible = 0;
			defaultConfigurationName = Release;
		};
/* End XCConfigurationList section */

/* Begin XCVersionGroup section */
		3FA3011828904A81006226F3 /* Notes.xcdatamodeld */ = {
			isa = XCVersionGroup;
			children = (
				3FA3011928904A81006226F3 /* Notes.xcdatamodel */,
			);
			currentVersion = 3FA3011928904A81006226F3 /* Notes.xcdatamodel */;
			path = Notes.xcdatamodeld;
			sourceTree = "<group>";
			versionGroupType = wrapper.xcdatamodel;
		};
/* End XCVersionGroup section */
	};
	rootObject = 3FA300C0288E3F89006226F3 /* Project object */;
}
